---
lockfileVersion: '9.0'

importers:

  .:
    configDependencies: {}
    packageManagerDependencies:
      pnpm:
        specifier: 12.4.1
        version: 12.4.1

packages:

  '@pnpm/exe.android-arm64@12.4.1':
    resolution: {integrity: sha512-/HwsqXMSmlOfgtV9+O0ratzjV6Vd/8n1hh4rGHpCGmDURvt52MwZxdbhyxP4K03ZfvgSDvotFPr8O+RzE5Eu8A==}
    cpu: [arm64]
    os: [android]

  '@pnpm/exe.android-x64@12.4.1':
    resolution: {integrity: sha512-+l74Qb4c2YjOzNKHXJLg+1wr8xHM1ckkUhnU5KRUK9TJqiiczt6yeTZqqzHIlJ8i6pAoj5V0OJevDRwnQKLgrQ==}
    cpu: [x64]
    os: [android]

  '@pnpm/exe.darwin-arm64@12.4.1':
    resolution: {integrity: sha512-6rkZkT3iGfaxknUdGHraqSWFvTa6N0ajAHluv9Ax0GRWs0sIcGNiFhDopv6xSZCsJZmG483aNS/b6UEDy3blfw==}
    cpu: [arm64]
    os: [darwin]

  '@pnpm/exe.darwin-x64@12.4.1':
    resolution: {integrity: sha512-Vb1CHlR88HghC1qUxjxjs82zQSXnXacPD+btG2CmG8Q/hBU7Q0/b2YWJKSQqZXicunV5khFtfTlAwJddV9RkYA==}
    cpu: [x64]
    os: [darwin]

  '@pnpm/exe.freebsd-x64@12.4.1':
    resolution: {integrity: sha512-iT3iHz3Nl0Sxxj7UPOtZ/aQ81AFsQhjoeWMAlPkSRO04gsgDGAXv3UYxOFaesMWsfNxaGn0A+CITbuCHFF66FA==}
    cpu: [x64]
    os: [freebsd]

  '@pnpm/exe.linux-arm64-musl@12.4.1':
    resolution: {integrity: sha512-aBooZfNXM5f+OGUgCAMFWpE/kAhsWfvmqIyMtHy6zl3aNxyInWrcY/Saln/UElzo7lZWMC0Yktroxd/2J26lNQ==}
    cpu: [arm64]
    os: [linux]
    libc: [musl]

  '@pnpm/exe.linux-arm64@12.4.1':
    resolution: {integrity: sha512-TlOdacTTP09BgcMvwWBFRsu8VAjfwqwnslBj+XSq1JFM3ck4f3k+1O/747EuctxZxs3/o785b6Q3s7Pd92Ptsg==}
    cpu: [arm64]
    os: [linux]
    libc: [glibc]

  '@pnpm/exe.linux-ppc64@12.4.1':
    resolution: {integrity: sha512-r/ab/MlIBo75oizUP5ITiziCCrnXz4SJwfErLQ+603AshB+Yq7xTMCoMtzTSCAMu6aaymIKkAFtZvd2J75Wq0w==}
    cpu: [ppc64]
    os: [linux]
    libc: [glibc]

  '@pnpm/exe.linux-riscv64@12.4.1':
    resolution: {integrity: sha512-C/D1QWdKMiB8+wv/spl1rGITFUuqC+aI/fb6h8NB5sqxsOaGXeYc/g891oCuzggHn6SODk9p+I09hI76x/cMNw==}
    cpu: [riscv64]
    os: [linux]
    libc: [glibc]

  '@pnpm/exe.linux-s390x@12.4.1':
    resolution: {integrity: sha512-nxz5zD4yXt94uzbStDk0QTPKW+aE92hH1b5tFXK9ctB1HE9Xcq1vjTiA2LsZMFC6p4gdu5OwQeFqYNAVGa6QlA==}
    cpu: [s390x]
    os: [linux]
    libc: [glibc]

  '@pnpm/exe.linux-x64-musl@12.4.1':
    resolution: {integrity: sha512-5AwgFdGhVUg2kIweYGfxzSLEHiIG77PQhZAkXC3TwofQHsu1Wr+TrV5/rNX2PopFnHRzuE581zoB8F6Wle32yg==}
    cpu: [x64]
    os: [linux]
    libc: [musl]

  '@pnpm/exe.linux-x64@12.4.1':
    resolution: {integrity: sha512-FJOZuuuQMhp0oLzBtcKkLXknBI92hfkmSnlKc47vfin4HrmfID5khY2lGekL9tCzk1cpR+HShEw/meFl+nHtzQ==}
    cpu: [x64]
    os: [linux]
    libc: [glibc]

  '@pnpm/exe.win32-arm64@12.4.1':
    resolution: {integrity: sha512-OO7eKBL9S+xk5hRy+JUUZSNJknGuGe3GEUffsrlC2LbqKF02g+VX1anGIzSbJDvkkdnpJhSlxF5AUz2JzJu2Jw==}
    cpu: [arm64]
    os: [win32]

  '@pnpm/exe.win32-x64@12.4.1':
    resolution: {integrity: sha512-x7gJHZgHo6hp354xCYA2NvoFzYJkHwovt2kVsUBK5EmXULLcP51JGMq09CX+5FRFJUZFKoXjLu3mZWmfP7o6PQ==}
    cpu: [x64]
    os: [win32]

  pnpm@12.4.1:
    resolution: {integrity: sha512-LoHjmdc/6DkNqyXgaqeIq3pZCCSNL1o3D4K0gRR6ano2e/gEj5pv22Rg8hpm8FQt7bi5TKLIcjWWdBkgsWVtTA==}
    engines: {node: '>=18.*'}
    hasBin: true

snapshots:

  '@pnpm/exe.android-arm64@12.4.1':
    optional: true

  '@pnpm/exe.android-x64@12.4.1':
    optional: true

  '@pnpm/exe.darwin-arm64@12.4.1':
    optional: true

  '@pnpm/exe.darwin-x64@12.4.1':
    optional: true

  '@pnpm/exe.freebsd-x64@12.4.1':
    optional: true

  '@pnpm/exe.linux-arm64-musl@12.4.1':
    optional: true

  '@pnpm/exe.linux-arm64@12.4.1':
    optional: true

  '@pnpm/exe.linux-ppc64@12.4.1':
    optional: true

  '@pnpm/exe.linux-riscv64@12.4.1':
    optional: true

  '@pnpm/exe.linux-s390x@12.4.1':
    optional: true

  '@pnpm/exe.linux-x64-musl@12.4.1':
    optional: true

  '@pnpm/exe.linux-x64@12.4.1':
    optional: true

  '@pnpm/exe.win32-arm64@12.4.1':
    optional: true

  '@pnpm/exe.win32-x64@12.4.1':
    optional: true

  pnpm@12.4.1:
    optionalDependencies:
      '@pnpm/exe.android-arm64': 12.4.1
      '@pnpm/exe.android-x64': 12.4.1
      '@pnpm/exe.darwin-arm64': 12.4.1
      '@pnpm/exe.darwin-x64': 12.4.1
      '@pnpm/exe.freebsd-x64': 12.4.1
      '@pnpm/exe.linux-arm64': 12.4.1
      '@pnpm/exe.linux-arm64-musl': 12.4.1
      '@pnpm/exe.linux-ppc64': 12.4.1
      '@pnpm/exe.linux-riscv64': 12.4.1
      '@pnpm/exe.linux-s390x': 12.4.1
      '@pnpm/exe.linux-x64': 12.4.1
      '@pnpm/exe.linux-x64-musl': 12.4.1
      '@pnpm/exe.win32-arm64': 12.4.1
      '@pnpm/exe.win32-x64': 12.4.1

---
lockfileVersion: '9.0'

settings:
  autoInstallPeers: true
  excludeLinksFromLockfile: false

importers:

  .:
    devDependencies:
      '@oxlint/plugins':
        specifier: 1.80.0
        version: 1.80.0
      lefthook:
        specifier: ^2.1.10
        version: 2.1.12
      oxfmt:
        specifier: 0.67.0
        version: 0.67.0
      oxlint:
        specifier: 1.80.0
        version: 1.80.0

packages:

  '@oxfmt/binding-android-arm-eabi@0.67.0':
    resolution: {integrity: sha512-2olh3ioEmc4gRzQm7jxyB1b/PFBoFvTq8KdgYySeNpysDtA6DEg2Mvya4/I6flhL7G0eOrE8RD7JCNCIMhE16Q==}
    engines: {node: ^20.19.0 || >=22.12.0}
    cpu: [arm]
    os: [android]

  '@oxfmt/binding-android-arm64@0.67.0':
    resolution: {integrity: sha512-ulfw8EHN1MBq/MFFDXw2/M1VAFu5mRUcnuZ8Hqbv9viAnFzO9t1jKSAsDqKYYDGMlytF/uj6Z5z5n/tHupnKhw==}
    engines: {node: ^20.19.0 || >=22.12.0}
    cpu: [arm64]
    os: [android]

  '@oxfmt/binding-darwin-arm64@0.67.0':
    resolution: {integrity: sha512-MfONZx/O2o9M5v2jDFol556G9+A+P9xCuJ4DZ+qhE+RnaCdoscy6Eu5nq1dbuNxhwdJyZ6kLI7fnG9mwEeOeGg==}
    engines: {node: ^20.19.0 || >=22.12.0}
    cpu: [arm64]
    os: [darwin]

  '@oxfmt/binding-darwin-x64@0.67.0':
    resolution: {integrity: sha512-CYnIx5LvFVJnyJcCqwH2jxMKjFjqo5678MPjdmNFoSGMhlOvZ/xRZqvhDcolKrXc8fezW3AKh+C4wyoFuWOSSg==}
    engines: {node: ^20.19.0 || >=22.12.0}
    cpu: [x64]
    os: [darwin]

  '@oxfmt/binding-freebsd-x64@0.67.0':
    resolution: {integrity: sha512-7/iF1orvIS9mxhKUqnmtMgm+OrSQ5acPwuvdQrm6ECgqbwPmC+Pw9cdke3sNfVN6pT2hbJ58+jP8BCThl5HXOg==}
    engines: {node: ^20.19.0 || >=22.12.0}
    cpu: [x64]
    os: [freebsd]

  '@oxfmt/binding-linux-arm-gnueabihf@0.67.0':
    resolution: {integrity: sha512-yy+OGys07IZOpOmYPZoObKyUQLkfxeQqeCypk+1jaZd8HGo77hzvU1Jg8X3+W75o+9lszOjBfg0nkGtlwYywXw==}
    engines: {node: ^20.19.0 || >=22.12.0}
    cpu: [arm]
    os: [linux]

  '@oxfmt/binding-linux-arm-musleabihf@0.67.0':
    resolution: {integrity: sha512-wPIeeigXgJpwNw3wydYRt3U9iN9Y/ejpOZuYL9IA7igxWs7LIQMOkhKxTumRvy6dIv0iXKk3RTw3Vmjg0i+2sg==}
    engines: {node: ^20.19.0 || >=22.12.0}
    cpu: [arm]
    os: [linux]

  '@oxfmt/binding-linux-arm64-gnu@0.67.0':
    resolution: {integrity: sha512-0+XNxcdbkTfxdcD4qW6Ci9n+mBNJ8xTBumnxKvKBmRFOdx0Wf8/KiHjCJayooXmYkqRpRVd98Q5egvzx5BLSgQ==}
    engines: {node: ^20.19.0 || >=22.12.0}
    cpu: [arm64]
    os: [linux]
    libc: [glibc]

  '@oxfmt/binding-linux-arm64-musl@0.67.0':
    resolution: {integrity: sha512-I75LKPJyNOYUzkqAiAMIE31+Ye7xtQXZdoty1IXn4B+bw5Zpmez5wfG19ejGpNnS/BzQ7LFS+7jxuTPb+vHiZw==}
    engines: {node: ^20.19.0 || >=22.12.0}
    cpu: [arm64]
    os: [linux]
    libc: [musl]

  '@oxfmt/binding-linux-ppc64-gnu@0.67.0':
    resolution: {integrity: sha512-c2M5iRpe1QMZSRE/UvZoPdXBWb5Ic/ycvOyNiKCqPwQ/OyOKIMiJs02ynlNnjb7ZZJnRXYLmGcohoINOcwDK3w==}
    engines: {node: ^20.19.0 || >=22.12.0}
    cpu: [ppc64]
    os: [linux]
    libc: [glibc]

  '@oxfmt/binding-linux-riscv64-gnu@0.67.0':
    resolution: {integrity: sha512-dQzzYlV24Udhfm5ECuSdgqRvFJU/CGHzcYYEO3dLM6W6+CHiBFrq9OjIllkdCcPhsoSQ8o223Dja84MOSzed9A==}
    engines: {node: ^20.19.0 || >=22.12.0}
    cpu: [riscv64]
    os: [linux]
    libc: [glibc]

  '@oxfmt/binding-linux-riscv64-musl@0.67.0':
    resolution: {integrity: sha512-rFNq1CgX4qMJANOq42LkAs90JE80GpiaEohAV2qn/gT2hGjQTW1zBO5zQBxArI4926pM1OSzo3CN0tBszGBIaA==}
    engines: {node: ^20.19.0 || >=22.12.0}
    cpu: [riscv64]
    os: [linux]
    libc: [musl]

  '@oxfmt/binding-linux-s390x-gnu@0.67.0':
    resolution: {integrity: sha512-Sky6rEdz2o5IGq01lPhS12yEvDdChVEcaYrcLHkveh4Fx0qPjljE/Iul6SX/bRMl6lNc8J7J/mDQdzgBdA++Pg==}
    engines: {node: ^20.19.0 || >=22.12.0}
    cpu: [s390x]
    os: [linux]
    libc: [glibc]

  '@oxfmt/binding-linux-x64-gnu@0.67.0':
    resolution: {integrity: sha512-vPXmlNORV8AZq2Ocxh07pxwMjfENUWCV/eZArnao0qC3NO/hDeTVkQvee7SJJUbIiF5PZbBa4kYmaXnu7Rk58w==}
    engines: {node: ^20.19.0 || >=22.12.0}
    cpu: [x64]
    os: [linux]
    libc: [glibc]

  '@oxfmt/binding-linux-x64-musl@0.67.0':
    resolution: {integrity: sha512-x/WAtFqYtVr3vZ9ni8nr4kn9whSitg8fOljq/pZzBpxopRdY1BMLZCZkrbIbaBcYkm46qGbqVea2FCWmtQ2P9w==}
    engines: {node: ^20.19.0 || >=22.12.0}
    cpu: [x64]
    os: [linux]
    libc: [musl]

  '@oxfmt/binding-openharmony-arm64@0.67.0':
    resolution: {integrity: sha512-eRw9Neh4/aA6i+q/R3WU1gGQINhVM0J4fXIm6t27caOamkr/37uAkp1IdBx4zlJH97hmXR63z/q9n5c5dN7MzA==}
    engines: {node: ^20.19.0 || >=22.12.0}
    cpu: [arm64]
    os: [openharmony]

  '@oxfmt/binding-win32-arm64-msvc@0.67.0':
    resolution: {integrity: sha512-YIMvb+sGNYN2uc6+QK2HLPeEKM2vl7QZ5onQzpAJRb6pnf0DwUFP5R8tdS9R0l8hdUil2gu4Uxd0Yxrop0iT4w==}
    engines: {node: ^20.19.0 || >=22.12.0}
    cpu: [arm64]
    os: [win32]

  '@oxfmt/binding-win32-ia32-msvc@0.67.0':
    resolution: {integrity: sha512-LzmU9MyACPzwNDIK0ItMedHPz735Ug7ELWguxo4/kuy6zWuDoeglOAEFCY8jLg0PzRpFO3hDyLFe2Gu2eFDeGA==}
    engines: {node: ^20.19.0 || >=22.12.0}
    cpu: [ia32]
    os: [win32]

  '@oxfmt/binding-win32-x64-msvc@0.67.0':
    resolution: {integrity: sha512-sbQOIDNLUEeVZcAJcSL5VURn7kfjvilPviody4Yl5n8lQCDtUm+C9oHTTwZS/m4d/Z6Vv3jNEiAofH932NPPCg==}
    engines: {node: ^20.19.0 || >=22.12.0}
    cpu: [x64]
    os: [win32]

  '@oxlint/binding-android-arm-eabi@1.80.0':
    resolution: {integrity: sha512-RM3Plj+biQpxa5d1GOOX6ciDlcUROmm4OZ/pLTpitkQt2mJv4jhtY4cbgaetOm5UKWZe05/TGQ6o1Vl8EOHkrA==}
    engines: {node: ^20.19.0 || >=22.12.0}
    cpu: [arm]
    os: [android]

  '@oxlint/binding-android-arm64@1.80.0':
    resolution: {integrity: sha512-YlO5JEf0Yr2bUUlu8O8daVcUxtcGGbcSmyV7E7nSbJbfAdxTE0PFPwgnIlw7wXJaTYjb+qs5hI5q3jxUkI7cAw==}
    engines: {node: ^20.19.0 || >=22.12.0}
    cpu: [arm64]
    os: [android]

  '@oxlint/binding-darwin-arm64@1.80.0':
    resolution: {integrity: sha512-BULDOyO3AhsmdWfQeIUCykDt3dd7XZBGLhp1eIh56skRv01O+cNjNPwXMIbeW1x4+pxcln5if72wcRgViVo7PA==}
    engines: {node: ^20.19.0 || >=22.12.0}
    cpu: [arm64]
    os: [darwin]

  '@oxlint/binding-darwin-x64@1.80.0':
    resolution: {integrity: sha512-YJ4JzLw7N5TDSQFlA0hAQGHvnDZgyypm1yunObVWcWiF9KM7eGCJKYKLgTC2Fi/57OdnBhbj4OkzPGdFQJ6HyA==}
    engines: {node: ^20.19.0 || >=22.12.0}
    cpu: [x64]
    os: [darwin]

  '@oxlint/binding-freebsd-x64@1.80.0':
    resolution: {integrity: sha512-AYUIk5QnL0s8oWAYsREZwkRYy1SupJTXALo93J1TgzHywxQtdM99FecRMQ87MXEdPQ0j1TmEpeeq3fGNkpvMqg==}
    engines: {node: ^20.19.0 || >=22.12.0}
    cpu: [x64]
    os: [freebsd]

  '@oxlint/binding-linux-arm-gnueabihf@1.80.0':
    resolution: {integrity: sha512-9hBZVANupQ89W9dXyE0n8doCyaW5pDyGn3y6XlIMPZ+rIKuyqkr3SNUXmVJIhuvUq0NBU3RBiSXXE69l4XI6KA==}
    engines: {node: ^20.19.0 || >=22.12.0}
    cpu: [arm]
    os: [linux]

  '@oxlint/binding-linux-arm-musleabihf@1.80.0':
    resolution: {integrity: sha512-SvS2uKqzY+pbfuvAHzH4338R6Zwo805GAwrIMVvK1KxoOWCIjZUdfzTCvilD7z6JK91v011+zYMryabhDo2AsQ==}
    engines: {node: ^20.19.0 || >=22.12.0}
    cpu: [arm]
    os: [linux]

  '@oxlint/binding-linux-arm64-gnu@1.80.0':
    resolution: {integrity: sha512-tCLadyqRVL3pQTRPNg7cjXKvcvS4fbyXeQHhKk5BTJ1oftQln5/yIIWbu/Xom/DX41zv2P9QGt6+D/TtQVtY3A==}
    engines: {node: ^20.19.0 || >=22.12.0}
    cpu: [arm64]
    os: [linux]
    libc: [glibc]

  '@oxlint/binding-linux-arm64-musl@1.80.0':
    resolution: {integrity: sha512-XfpCNRlOPcLlJl4Bn/FUhjqlR6BVavEykERBf/MV7YA9VZDa5g5znVqYhyviMafcxS9Pe/i/kPvHNO0U6svEHQ==}
    engines: {node: ^20.19.0 || >=22.12.0}
    cpu: [arm64]
    os: [linux]
    libc: [musl]

  '@oxlint/binding-linux-ppc64-gnu@1.80.0':
    resolution: {integrity: sha512-3I4yMwcFG9NeO8ioY6JBBuKsIm5GL/x7MATt1S4tVWaxPu5HcJ+XnLUbcVBTxG8q2Wu56HSj+NmXQiVYb1lp6A==}
    engines: {node: ^20.19.0 || >=22.12.0}
    cpu: [ppc64]
    os: [linux]
    libc: [glibc]

  '@oxlint/binding-linux-riscv64-gnu@1.80.0':
    resolution: {integrity: sha512-E1wAKymkpe1/E8helzBKdm81OBOF+ezxRyXRMEuik3ZpWDER5CPOKZwF66RsdwW98uwZv8UTFremUQtC1CzdJA==}
    engines: {node: ^20.19.0 || >=22.12.0}
    cpu: [riscv64]
    os: [linux]
    libc: [glibc]

  '@oxlint/binding-linux-riscv64-musl@1.80.0':
    resolution: {integrity: sha512-+gLRGD4sIo3+VA++iham5UxD9tKSoJ/VOrROCEXIcknrYtQg6iIQgvjN0cpiRF7N6UYC7pJbvHJlDnMge5LRpQ==}
    engines: {node: ^20.19.0 || >=22.12.0}
    cpu: [riscv64]
    os: [linux]
    libc: [musl]

  '@oxlint/binding-linux-s390x-gnu@1.80.0':
    resolution: {integrity: sha512-aR0PrzHj9leW3NmzBAAP4EzdoBNoJcs9sjnIQPIwyRnBGYrRbXUIpEB5Q39AqK3PLY5JK5uEhDQDiUa1QSAstw==}
    engines: {node: ^20.19.0 || >=22.12.0}
    cpu: [s390x]
    os: [linux]
    libc: [glibc]

  '@oxlint/binding-linux-x64-gnu@1.80.0':
    resolution: {integrity: sha512-vSVh5cSo3Xxs6ghBCcFJlpbkbENzDog1qXtoXLa/HC3aCrR4XO76GZbXmQoCPHnu99nQpdCeC3H9tdNICfDh7A==}
    engines: {node: ^20.19.0 || >=22.12.0}
    cpu: [x64]
    os: [linux]
    libc: [glibc]

  '@oxlint/binding-linux-x64-musl@1.80.0':
    resolution: {integrity: sha512-FfzBXpNQ8u7/ZI/p8bl73MeZ508Ax3hxWp3SiJpEFiC+BB9XcXy5FAZHTLKDPSzrUpxQZSZJAVdDmuJp/+HDBQ==}
    engines: {node: ^20.19.0 || >=22.12.0}
    cpu: [x64]
    os: [linux]
    libc: [musl]

  '@oxlint/binding-openharmony-arm64@1.80.0':
    resolution: {integrity: sha512-zMzbkumtmprCgRwoYNzcB3iC39fXdJIMLMU33KdCjEGLlJGOEt1+LwQ4LF8ndLzAEKVz4BR0y3V6Xrkk3Nm3yA==}
    engines: {node: ^20.19.0 || >=22.12.0}
    cpu: [arm64]
    os: [openharmony]

  '@oxlint/binding-win32-arm64-msvc@1.80.0':
    resolution: {integrity: sha512-ib6iRcrXsk4t1fm3iKcwksyWh1ZkZXC/2mEzakl0ai2+6HZunf1WWMZ/xP9EJAvw9g9K4UVTC3NF/+G2qLrbTQ==}
    engines: {node: ^20.19.0 || >=22.12.0}
    cpu: [arm64]
    os: [win32]

  '@oxlint/binding-win32-ia32-msvc@1.80.0':
    resolution: {integrity: sha512-xhRWBMpLxZvgKAH6+DJZmpP+W8Y8UdQOSU1JfxSWNXsaBaRGW77j+1hCuNHlzj7OH4SPN8fYd1q0o2qrDtoVyw==}
    engines: {node: ^20.19.0 || >=22.12.0}
    cpu: [ia32]
    os: [win32]

  '@oxlint/binding-win32-x64-msvc@1.80.0':
    resolution: {integrity: sha512-yAnO7lwBYQnz2pcfBPIGQQZWIX5zd5R/1aAKIF3oE+TVj7IhoHcROjOkz3sRDngzqhfPKfFaXqug5j5rE5dn6Q==}
    engines: {node: ^20.19.0 || >=22.12.0}
    cpu: [x64]
    os: [win32]

  '@oxlint/plugins@1.80.0':
    resolution: {integrity: sha512-QRgH1XqQEYNHa4f1vvPQ5fAdNdncHGIUG1ZWLlGIZHky3qwCEeAKYitZNbZMtaXtAQAAFFTOwqUfzESvimqZNA==}
    engines: {node: ^12.22.0 || ^14.17.0 || >=16.0.0}

  lefthook-darwin-arm64@2.1.12:
    resolution: {integrity: sha512-GSUjqaCuxAYlPOovbjXEWE3HAIa/xOQkTTmZ937zieQldjPLTaC7+s5FHoxKywn+D9riBlofkDqG7Z4f5zzmPA==}
    cpu: [arm64]
    os: [darwin]

  lefthook-darwin-x64@2.1.12:
    resolution: {integrity: sha512-qAUHSSw/7Afi5wxkoLkxORxSicCeTBXyVLnRgD6YZra6udviozpK3Aok9Z6FIWeKc5FBijRMSNDxGPTREhsjcQ==}
    cpu: [x64]
    os: [darwin]

  lefthook-freebsd-arm64@2.1.12:
    resolution: {integrity: sha512-FHZRfKliFNbyz54zsoGdVe9muq67cNjBTZ6jrPPUjI7xUuyCwSpzA+1OpiwJT00L9pP5ZGONBqnGZKnrpC+7Uw==}
    cpu: [arm64]
    os: [freebsd]

  lefthook-freebsd-x64@2.1.12:
    resolution: {integrity: sha512-HYQZPGy2DDEx7dbuotusJpujY5q9igOLgx36qeeQcNQuvvdGHPj2ZGSIsGKhoJ0dw5Qa4knKJoPAHEZQWdV/og==}
    cpu: [x64]
    os: [freebsd]

  lefthook-linux-arm64@2.1.12:
    resolution: {integrity: sha512-ipjOri2PB/sk4noPrHQuM5fcpNBjmlKo4qMtXyLnxeOxGYHWZzf0Xi0OtrXHQ//tOprcv40ADvhUuSdcGqigLw==}
    cpu: [arm64]
    os: [linux]

  lefthook-linux-x64@2.1.12:
    resolution: {integrity: sha512-DmU6xfvqVoFdW+STyc70YI4Ry8vkHGKHx+IJ1Js/Gacq5dv+fiwNzwle3bi28EkL6P8xY67B/CfQfRj4SRU4tg==}
    cpu: [x64]
    os: [linux]

  lefthook-openbsd-arm64@2.1.12:
    resolution: {integrity: sha512-vb0J7bElLvoaCWQmna3HntsvoNqMsGAhfjjC99ss1OdCteufZKM3RxCVoMBEbD50Itv2c1Ua2AFVToltVFTy1Q==}
    cpu: [arm64]
    os: [openbsd]

  lefthook-openbsd-x64@2.1.12:
    resolution: {integrity: sha512-QOmhDWqPPK4+99scanfEmbJjUR+JYC93qhr/0bp5Dj3LaR3kVFNWc6zOQUsOTPy/LC6PG759Lej/mr/BtjUL2Q==}
    cpu: [x64]
    os: [openbsd]

  lefthook-windows-arm64@2.1.12:
    resolution: {integrity: sha512-eErEyr9AHkRFj6TxpCQeKGd0s6IrtL/VEIZ/ssg8dNfG+ycR4jAW/IAlrJSw6/ZQXb3WtWLaQ6QA5c+TLh7vmg==}
    cpu: [arm64]
    os: [win32]

  lefthook-windows-x64@2.1.12:
    resolution: {integrity: sha512-0h+WmDVdDriTjloD/UbjPq/ZtqaaJlPAdGcVwMCEdAxfbF0FTgDbKX3igui9g2U/qG2y6QpVhtz1jeiRe7ctaw==}
    cpu: [x64]
    os: [win32]

  lefthook@2.1.12:
    resolution: {integrity: sha512-2uOexfsrrRhCiTUWdGyDySxVHHhOFJ8MQejs27dM3hugrQB48/z1ZVlaNoxpZ1SnzQ1GaDIbO5rAvicwyiknYQ==}
    hasBin: true

  oxfmt@0.67.0:
    resolution: {integrity: sha512-vV7sSiPsaO0mSxdoUdayipVDFPzW/UQ+hrezEHa20+Tx1dnMdZLSRHMT0PdS67FFbhd74M1n08asW21aLGeCrA==}
    engines: {node: ^20.19.0 || >=22.12.0}
    hasBin: true
    peerDependencies:
      svelte: ^5.0.0
      vite-plus: '*'
    peerDependenciesMeta:
      svelte:
        optional: true
      vite-plus:
        optional: true

  oxlint@1.80.0:
    resolution: {integrity: sha512-5nTiSps4qdbCWLbxzuO00alHkEO2exR9YMN/ig6QXWrLsYSG0KaObOAM+l6oU2LcKPWoSAGYbkZIGEu1ViiWKA==}
    engines: {node: ^20.19.0 || >=22.12.0}
    hasBin: true
    peerDependencies:
      oxlint-tsgolint: '>=7.0.2001'
      vite-plus: '*'
    peerDependenciesMeta:
      oxlint-tsgolint:
        optional: true
      vite-plus:
        optional: true

  tinypool@2.1.2:
    resolution: {integrity: sha512-9YodfrxS9g9IbFr/KOjE5bAeJ0p61n3bW6mqvy0jtoeKd1kTW1Cxm0oulm6KX2lyM9Gl6WIe8nEbY7LWv5ZJww==}
    engines: {node: ^20.0.0 || >=22.0.0}

snapshots:

  '@oxfmt/binding-android-arm-eabi@0.67.0':
    optional: true

  '@oxfmt/binding-android-arm64@0.67.0':
    optional: true

  '@oxfmt/binding-darwin-arm64@0.67.0':
    optional: true

  '@oxfmt/binding-darwin-x64@0.67.0':
    optional: true

  '@oxfmt/binding-freebsd-x64@0.67.0':
    optional: true

  '@oxfmt/binding-linux-arm-gnueabihf@0.67.0':
    optional: true

  '@oxfmt/binding-linux-arm-musleabihf@0.67.0':
    optional: true

  '@oxfmt/binding-linux-arm64-gnu@0.67.0':
    optional: true

  '@oxfmt/binding-linux-arm64-musl@0.67.0':
    optional: true

  '@oxfmt/binding-linux-ppc64-gnu@0.67.0':
    optional: true

  '@oxfmt/binding-linux-riscv64-gnu@0.67.0':
    optional: true

  '@oxfmt/binding-linux-riscv64-musl@0.67.0':
    optional: true

  '@oxfmt/binding-linux-s390x-gnu@0.67.0':
    optional: true

  '@oxfmt/binding-linux-x64-gnu@0.67.0':
    optional: true

  '@oxfmt/binding-linux-x64-musl@0.67.0':
    optional: true

  '@oxfmt/binding-openharmony-arm64@0.67.0':
    optional: true

  '@oxfmt/binding-win32-arm64-msvc@0.67.0':
    optional: true

  '@oxfmt/binding-win32-ia32-msvc@0.67.0':
    optional: true

  '@oxfmt/binding-win32-x64-msvc@0.67.0':
    optional: true

  '@oxlint/binding-android-arm-eabi@1.80.0':
    optional: true

  '@oxlint/binding-android-arm64@1.80.0':
    optional: true

  '@oxlint/binding-darwin-arm64@1.80.0':
    optional: true

  '@oxlint/binding-darwin-x64@1.80.0':
    optional: true

  '@oxlint/binding-freebsd-x64@1.80.0':
    optional: true

  '@oxlint/binding-linux-arm-gnueabihf@1.80.0':
    optional: true

  '@oxlint/binding-linux-arm-musleabihf@1.80.0':
    optional: true

  '@oxlint/binding-linux-arm64-gnu@1.80.0':
    optional: true

  '@oxlint/binding-linux-arm64-musl@1.80.0':
    optional: true

  '@oxlint/binding-linux-ppc64-gnu@1.80.0':
    optional: true

  '@oxlint/binding-linux-riscv64-gnu@1.80.0':
    optional: true

  '@oxlint/binding-linux-riscv64-musl@1.80.0':
    optional: true

  '@oxlint/binding-linux-s390x-gnu@1.80.0':
    optional: true

  '@oxlint/binding-linux-x64-gnu@1.80.0':
    optional: true

  '@oxlint/binding-linux-x64-musl@1.80.0':
    optional: true

  '@oxlint/binding-openharmony-arm64@1.80.0':
    optional: true

  '@oxlint/binding-win32-arm64-msvc@1.80.0':
    optional: true

  '@oxlint/binding-win32-ia32-msvc@1.80.0':
    optional: true

  '@oxlint/binding-win32-x64-msvc@1.80.0':
    optional: true

  '@oxlint/plugins@1.80.0': {}

  lefthook-darwin-arm64@2.1.12:
    optional: true

  lefthook-darwin-x64@2.1.12:
    optional: true

  lefthook-freebsd-arm64@2.1.12:
    optional: true

  lefthook-freebsd-x64@2.1.12:
    optional: true

  lefthook-linux-arm64@2.1.12:
    optional: true

  lefthook-linux-x64@2.1.12:
    optional: true

  lefthook-openbsd-arm64@2.1.12:
    optional: true

  lefthook-openbsd-x64@2.1.12:
    optional: true

  lefthook-windows-arm64@2.1.12:
    optional: true

  lefthook-windows-x64@2.1.12:
    optional: true

  lefthook@2.1.12:
    optionalDependencies:
      lefthook-darwin-arm64: 2.1.12
      lefthook-darwin-x64: 2.1.12
      lefthook-freebsd-arm64: 2.1.12
      lefthook-freebsd-x64: 2.1.12
      lefthook-linux-arm64: 2.1.12
      lefthook-linux-x64: 2.1.12
      lefthook-openbsd-arm64: 2.1.12
      lefthook-openbsd-x64: 2.1.12
      lefthook-windows-arm64: 2.1.12
      lefthook-windows-x64: 2.1.12

  oxfmt@0.67.0:
    dependencies:
      tinypool: 2.1.2
    optionalDependencies:
      '@oxfmt/binding-android-arm-eabi': 0.67.0
      '@oxfmt/binding-android-arm64': 0.67.0
      '@oxfmt/binding-darwin-arm64': 0.67.0
      '@oxfmt/binding-darwin-x64': 0.67.0
      '@oxfmt/binding-freebsd-x64': 0.67.0
      '@oxfmt/binding-linux-arm-gnueabihf': 0.67.0
      '@oxfmt/binding-linux-arm-musleabihf': 0.67.0
      '@oxfmt/binding-linux-arm64-gnu': 0.67.0
      '@oxfmt/binding-linux-arm64-musl': 0.67.0
      '@oxfmt/binding-linux-ppc64-gnu': 0.67.0
      '@oxfmt/binding-linux-riscv64-gnu': 0.67.0
      '@oxfmt/binding-linux-riscv64-musl': 0.67.0
      '@oxfmt/binding-linux-s390x-gnu': 0.67.0
      '@oxfmt/binding-linux-x64-gnu': 0.67.0
      '@oxfmt/binding-linux-x64-musl': 0.67.0
      '@oxfmt/binding-openharmony-arm64': 0.67.0
      '@oxfmt/binding-win32-arm64-msvc': 0.67.0
      '@oxfmt/binding-win32-ia32-msvc': 0.67.0
      '@oxfmt/binding-win32-x64-msvc': 0.67.0

  oxlint@1.80.0:
    optionalDependencies:
      '@oxlint/binding-android-arm-eabi': 1.80.0
      '@oxlint/binding-android-arm64': 1.80.0
      '@oxlint/binding-darwin-arm64': 1.80.0
      '@oxlint/binding-darwin-x64': 1.80.0
      '@oxlint/binding-freebsd-x64': 1.80.0
      '@oxlint/binding-linux-arm-gnueabihf': 1.80.0
      '@oxlint/binding-linux-arm-musleabihf': 1.80.0
      '@oxlint/binding-linux-arm64-gnu': 1.80.0
      '@oxlint/binding-linux-arm64-musl': 1.80.0
      '@oxlint/binding-linux-ppc64-gnu': 1.80.0
      '@oxlint/binding-linux-riscv64-gnu': 1.80.0
      '@oxlint/binding-linux-riscv64-musl': 1.80.0
      '@oxlint/binding-linux-s390x-gnu': 1.80.0
      '@oxlint/binding-linux-x64-gnu': 1.80.0
      '@oxlint/binding-linux-x64-musl': 1.80.0
      '@oxlint/binding-openharmony-arm64': 1.80.0
      '@oxlint/binding-win32-arm64-msvc': 1.80.0
      '@oxlint/binding-win32-ia32-msvc': 1.80.0
      '@oxlint/binding-win32-x64-msvc': 1.80.0

  tinypool@2.1.2: {}
